
Microsoft Visual Studio Solution File, Format Version 12.00
# Visual Studio Version 17
VisualStudioVersion = 17.6.33723.286
MinimumVisualStudioVersion = 10.0.40219.1
Project("{FAE04EC0-301F-11D3-BF4B-00C04F79EFBC}") = "TPLlibrary", "TPLlibrary.csproj", "{5FCFB557-BCE7-462E-899A-ADC04BC9A645}"
EndProject
Global
	GlobalSection(SolutionConfigurationPlatforms) = preSolution
		Debug|Any CPU = Debug|Any CPU
		Release|Any CPU = Release|Any CPU
	EndGlobalSection
	GlobalSection(ProjectConfigurationPlatforms) = postSolution
		{5FCFB557-BCE7-462E-899A-ADC04BC9A645}.Debug|Any CPU.ActiveCfg = Debug|Any CPU
		{5FCFB557-BCE7-462E-899A-ADC04BC9A645}.Debug|Any CPU.Build.0 = Debug|Any CPU
		{5FCFB557-BCE7-462E-899A-ADC04BC9A645}.Release|Any CPU.ActiveCfg = Release|Any CPU
		{5FCFB557-BCE7-462E-899A-ADC04BC9A645}.Release|Any CPU.Build.0 = Release|Any CPU
	EndGlobalSection
	GlobalSection(SolutionProperties) = preSolution
		HideSolutionNode = FALSE
	EndGlobalSection
	GlobalSection(ExtensibilityGlobals) = postSolution
		SolutionGuid = {D440DDF7-93CE-4BCC-ADF3-44F49BCECA7F}
	EndGlobalSection
EndGlobal
